
Microsoft Visual Studio Solution File, Format Version 12.00
# Visual Studio Version 17
VisualStudioVersion = 17.5.33424.131
MinimumVisualStudioVersion = 10.0.40219.1
Project("{9A19103F-16F7-4668-BE54-9A1E7A4F7556}") = "SudokuWeb", "SudokuWeb\SudokuWeb.csproj", "{969BF8B0-C235-4019-9D7B-A3321579AFEC}"
EndProject
Project("{9A19103F-16F7-4668-BE54-9A1E7A4F7556}") = "SudokuRLib", "SudokuRLib\SudokuRLib.csproj", "{C5407EF4-747E-4E1C-BFD4-60A9404421BB}"
EndProject
Project("{FAE04EC0-301F-11D3-BF4B-00C04F79EFBC}") = "Sudoku", "Sudoku\Sudoku.csproj", "{58A6C6BD-863B-43E8-93E4-F74E46BF8BA4}"
EndProject
Global
	GlobalSection(SolutionConfigurationPlatforms) = preSolution
		Debug|Any CPU = Debug|Any CPU
		Release|Any CPU = Release|Any CPU
	EndGlobalSection
	GlobalSection(ProjectConfigurationPlatforms) = postSolution
		{969BF8B0-C235-4019-9D7B-A3321579AFEC}.Debug|Any CPU.ActiveCfg = Debug|Any CPU
		{969BF8B0-C235-4019-9D7B-A3321579AFEC}.Debug|Any CPU.Build.0 = Debug|Any CPU
		{969BF8B0-C235-4019-9D7B-A3321579AFEC}.Release|Any CPU.ActiveCfg = Release|Any CPU
		{969BF8B0-C235-4019-9D7B-A3321579AFEC}.Release|Any CPU.Build.0 = Release|Any CPU
		{C5407EF4-747E-4E1C-BFD4-60A9404421BB}.Debug|Any CPU.ActiveCfg = Debug|Any CPU
		{C5407EF4-747E-4E1C-BFD4-60A9404421BB}.Debug|Any CPU.Build.0 = Debug|Any CPU
		{C5407EF4-747E-4E1C-BFD4-60A9404421BB}.Release|Any CPU.ActiveCfg = Release|Any CPU
		{C5407EF4-747E-4E1C-BFD4-60A9404421BB}.Release|Any CPU.Build.0 = Release|Any CPU
		{58A6C6BD-863B-43E8-93E4-F74E46BF8BA4}.Debug|Any CPU.ActiveCfg = Debug|Any CPU
		{58A6C6BD-863B-43E8-93E4-F74E46BF8BA4}.Debug|Any CPU.Build.0 = Debug|Any CPU
		{58A6C6BD-863B-43E8-93E4-F74E46BF8BA4}.Debug|Any CPU.Deploy.0 = Debug|Any CPU
		{58A6C6BD-863B-43E8-93E4-F74E46BF8BA4}.Release|Any CPU.ActiveCfg = Release|Any CPU
		{58A6C6BD-863B-43E8-93E4-F74E46BF8BA4}.Release|Any CPU.Build.0 = Release|Any CPU
		{58A6C6BD-863B-43E8-93E4-F74E46BF8BA4}.Release|Any CPU.Deploy.0 = Release|Any CPU
	EndGlobalSection
	GlobalSection(SolutionProperties) = preSolution
		HideSolutionNode = FALSE
	EndGlobalSection
	GlobalSection(ExtensibilityGlobals) = postSolution
		SolutionGuid = {C791AB6D-5300-4E72-9785-07AA2837FA99}
	EndGlobalSection
EndGlobal
